
Microsoft Visual Studio Solution File, Format Version 12.00
# Visual Studio Version 16
VisualStudioVersion = 16.0.29920.165
MinimumVisualStudioVersion = 10.0.40219.1
Project("{FAE04EC0-301F-11D3-BF4B-00C04F79EFBC}") = "Harjotuksia", "Harjotuksia\Harjotuksia.csproj", "{405BF030-97D3-4C8B-801B-4D3AEC11C376}"
EndProject
Global
	GlobalSection(SolutionConfigurationPlatforms) = preSolution
		Debug|Any CPU = Debug|Any CPU
		Release|Any CPU = Release|Any CPU
	EndGlobalSection
	GlobalSection(ProjectConfigurationPlatforms) = postSolution
		{405BF030-97D3-4C8B-801B-4D3AEC11C376}.Debug|Any CPU.ActiveCfg = Debug|Any CPU
		{405BF030-97D3-4C8B-801B-4D3AEC11C376}.Debug|Any CPU.Build.0 = Debug|Any CPU
		{405BF030-97D3-4C8B-801B-4D3AEC11C376}.Release|Any CPU.ActiveCfg = Release|Any CPU
		{405BF030-97D3-4C8B-801B-4D3AEC11C376}.Release|Any CPU.Build.0 = Release|Any CPU
	EndGlobalSection
	GlobalSection(SolutionProperties) = preSolution
		HideSolutionNode = FALSE
	EndGlobalSection
	GlobalSection(ExtensibilityGlobals) = postSolution
		SolutionGuid = {DFB846E9-CBBB-4924-894F-D49761CFB5C3}
	EndGlobalSection
EndGlobal
